
Microsoft Visual Studio Solution File, Format Version 12.00
# Visual Studio Version 17
VisualStudioVersion = 17.6.33815.320
MinimumVisualStudioVersion = 10.0.40219.1
Project("{FAE04EC0-301F-11D3-BF4B-00C04F79EFBC}") = "CarTask", "..\CarTask\CarTask.csproj", "{6686845D-6CB8-4ED4-901D-A4F18F28CDB2}"
EndProject
Project("{FAE04EC0-301F-11D3-BF4B-00C04F79EFBC}") = "PersonTask", "..\PersonTask\PersonTask.csproj", "{BAA950A8-479B-4598-9AF7-93A4AA010D14}"
EndProject
Project("{FAE04EC0-301F-11D3-BF4B-00C04F79EFBC}") = "RecursionTask", "..\RecursionTask\RecursionTask.csproj", "{5D8FD54D-DA49-4979-A90F-CE48289EC01E}"
EndProject
Global
	GlobalSection(SolutionConfigurationPlatforms) = preSolution
		Debug|Any CPU = Debug|Any CPU
		Release|Any CPU = Release|Any CPU
	EndGlobalSection
	GlobalSection(ProjectConfigurationPlatforms) = postSolution
		{6686845D-6CB8-4ED4-901D-A4F18F28CDB2}.Debug|Any CPU.ActiveCfg = Debug|Any CPU
		{6686845D-6CB8-4ED4-901D-A4F18F28CDB2}.Debug|Any CPU.Build.0 = Debug|Any CPU
		{6686845D-6CB8-4ED4-901D-A4F18F28CDB2}.Release|Any CPU.ActiveCfg = Release|Any CPU
		{6686845D-6CB8-4ED4-901D-A4F18F28CDB2}.Release|Any CPU.Build.0 = Release|Any CPU
		{BAA950A8-479B-4598-9AF7-93A4AA010D14}.Debug|Any CPU.ActiveCfg = Debug|Any CPU
		{BAA950A8-479B-4598-9AF7-93A4AA010D14}.Debug|Any CPU.Build.0 = Debug|Any CPU
		{BAA950A8-479B-4598-9AF7-93A4AA010D14}.Release|Any CPU.ActiveCfg = Release|Any CPU
		{BAA950A8-479B-4598-9AF7-93A4AA010D14}.Release|Any CPU.Build.0 = Release|Any CPU
		{5D8FD54D-DA49-4979-A90F-CE48289EC01E}.Debug|Any CPU.ActiveCfg = Debug|Any CPU
		{5D8FD54D-DA49-4979-A90F-CE48289EC01E}.Debug|Any CPU.Build.0 = Debug|Any CPU
		{5D8FD54D-DA49-4979-A90F-CE48289EC01E}.Release|Any CPU.ActiveCfg = Release|Any CPU
		{5D8FD54D-DA49-4979-A90F-CE48289EC01E}.Release|Any CPU.Build.0 = Release|Any CPU
	EndGlobalSection
	GlobalSection(SolutionProperties) = preSolution
		HideSolutionNode = FALSE
	EndGlobalSection
	GlobalSection(ExtensibilityGlobals) = postSolution
		SolutionGuid = {B157F18E-780A-4005-BFDE-B96BA5B742F7}
	EndGlobalSection
EndGlobal
